
Microsoft Visual Studio Solution File, Format Version 12.00
# Visual Studio Version 17
VisualStudioVersion = 17.11.35312.102
MinimumVisualStudioVersion = 10.0.40219.1
Project("{9A19103F-16F7-4668-BE54-9A1E7A4F7556}") = "ClientApplication", "ClientApplication\ClientApplication.csproj", "{7C93D648-C226-4194-AFAF-82854EF20A11}"
EndProject
Project("{FAE04EC0-301F-11D3-BF4B-00C04F79EFBC}") = "BusinessLib", "BusinessLib\BusinessLib.csproj", "{588466BD-D1FC-4E7B-881D-97190F8FCE6A}"
EndProject
Global
	GlobalSection(SolutionConfigurationPlatforms) = preSolution
		Debug|Any CPU = Debug|Any CPU
		Release|Any CPU = Release|Any CPU
	EndGlobalSection
	GlobalSection(ProjectConfigurationPlatforms) = postSolution
		{7C93D648-C226-4194-AFAF-82854EF20A11}.Debug|Any CPU.ActiveCfg = Debug|Any CPU
		{7C93D648-C226-4194-AFAF-82854EF20A11}.Debug|Any CPU.Build.0 = Debug|Any CPU
		{7C93D648-C226-4194-AFAF-82854EF20A11}.Release|Any CPU.ActiveCfg = Release|Any CPU
		{7C93D648-C226-4194-AFAF-82854EF20A11}.Release|Any CPU.Build.0 = Release|Any CPU
		{588466BD-D1FC-4E7B-881D-97190F8FCE6A}.Debug|Any CPU.ActiveCfg = Debug|Any CPU
		{588466BD-D1FC-4E7B-881D-97190F8FCE6A}.Debug|Any CPU.Build.0 = Debug|Any CPU
		{588466BD-D1FC-4E7B-881D-97190F8FCE6A}.Release|Any CPU.ActiveCfg = Release|Any CPU
		{588466BD-D1FC-4E7B-881D-97190F8FCE6A}.Release|Any CPU.Build.0 = Release|Any CPU
	EndGlobalSection
	GlobalSection(SolutionProperties) = preSolution
		HideSolutionNode = FALSE
	EndGlobalSection
	GlobalSection(ExtensibilityGlobals) = postSolution
		SolutionGuid = {11809ADB-F0AE-4F43-AB66-7E41BC5DCB71}
	EndGlobalSection
EndGlobal
